
Microsoft Visual Studio Solution File, Format Version 12.00
# Visual Studio Version 17
VisualStudioVersion = 17.8.34511.84
MinimumVisualStudioVersion = 10.0.40219.1
Project("{FAE04EC0-301F-11D3-BF4B-00C04F79EFBC}") = "DevopsAPI_2", "DevopsAPI_2.csproj", "{BBA55E44-7438-439C-BD32-3693D6961B28}"
EndProject
Global
	GlobalSection(SolutionConfigurationPlatforms) = preSolution
		Debug|Any CPU = Debug|Any CPU
		Release|Any CPU = Release|Any CPU
	EndGlobalSection
	GlobalSection(ProjectConfigurationPlatforms) = postSolution
		{BBA55E44-7438-439C-BD32-3693D6961B28}.Debug|Any CPU.ActiveCfg = Debug|Any CPU
		{BBA55E44-7438-439C-BD32-3693D6961B28}.Debug|Any CPU.Build.0 = Debug|Any CPU
		{BBA55E44-7438-439C-BD32-3693D6961B28}.Release|Any CPU.ActiveCfg = Release|Any CPU
		{BBA55E44-7438-439C-BD32-3693D6961B28}.Release|Any CPU.Build.0 = Release|Any CPU
	EndGlobalSection
	GlobalSection(SolutionProperties) = preSolution
		HideSolutionNode = FALSE
	EndGlobalSection
	GlobalSection(ExtensibilityGlobals) = postSolution
		SolutionGuid = {0AA2A55E-1A44-48A4-A5A1-027468434FB6}
	EndGlobalSection
EndGlobal
